hash: ac0efe1fb218f866cf577b8813893383ee02683af3778e5a2df2ce067957360c
updated: 2017-04-13T02:36:15.350690976+09:00
imports:
- name: github.com/inconshreveable/mousetrap
  version: 76626ae9c91c4f2a10f34cad8ce83ea42c93bb75
- name: github.com/mattn/go-runewidth
  version: 14207d285c6c197daabb5c9793d63e7af9ab2d50
- name: github.com/olekukonko/tablewriter
  version: febf2d34b54a69ce7530036c7503b1c9fbfdf0bb
- name: github.com/spf13/cobra
  version: ee4055870c2d5f7ce112642377e32c9929c3bbaf
- name: github.com/spf13/pflag
  version: 9ff6c6923cfffbcd502984b8e0c80539a94968b7
- name: gopkg.in/cheggaaa/pb.v1
  version: cdf719fac0dd208251aa828e687c2d5802053b51
testImports: []
