hash: f82ba129e2da4175e7cd9771dc19b4b9d22fd9dd361da3eb612de65c0f751db7
updated: 2017-08-23T21:34:42.166746981+09:00
imports:
- name: github.com/awalterschulze/gographviz
  version: 01fdca2df2c7f57917d029fc952cbf23f621101b
  subpackages:
  - ast
  - internal/errors
  - internal/lexer
  - internal/parser
  - internal/token
- name: github.com/chewxy/cu
  version: 12e8b106ce46d83d03d2b597f8f180dd59e0ae6b
- name: github.com/chewxy/gorgonia
  version: 6fb52724c661201223d7b22b417d220e81f8ff75
  subpackages:
  - tensor
- name: github.com/chewxy/hm
  version: b848cc4452055ea6549d5a273911d6542180a276
- name: github.com/chewxy/lingo
  version: 311daca23597e20aea407445a6c8100bfca4e7f7
  subpackages:
  - corpus
  - treebank
- name: github.com/chewxy/math32
  version: d1e7b22839c693f54edf7811dd9487623abf2cd2
- name: github.com/chewxy/vecf32
  version: 1f59516136c1a7f1c19871d3dc5f0d9928ffbd7c
- name: github.com/chewxy/vecf64
  version: a97a4d31b6c9343b1860ef8ce583069671265b81
- name: github.com/fsnotify/fsnotify
  version: 4da3e2cfbabc9f751898f250b49f2439785783a1
- name: github.com/gonum/blas
  version: 430a98d0f42f5d7b9a9535580771233386034848
  subpackages:
  - blas64
  - native
  - native/internal/math32
- name: github.com/gonum/floats
  version: a2cbc5c70616cd18491ef2843231f6ce28b2cb02
- name: github.com/gonum/graph
  version: 1ee3caba44244c8cf869cbec9a0079f8a1f2b1c0
  subpackages:
  - internal/linear
  - internal/ordered
  - internal/set
  - topo
  - traverse
- name: github.com/gonum/internal
  version: 4c20688f849035792bcee8a94ec93b5c277c919f
  subpackages:
  - asm/f32
  - asm/f64
- name: github.com/gonum/lapack
  version: 219cfcc2cee77e21a618f07d65d14edbe4975c58
  subpackages:
  - lapack64
  - native
- name: github.com/gonum/matrix
  version: ab9a12e575daf11d6836be8dc10f46fa4ad8684e
  subpackages:
  - mat64
- name: github.com/hashicorp/hcl
  version: 392dba7d905ed5d04a5794ba89f558b27e2ba1ca
  subpackages:
  - hcl/ast
  - hcl/parser
  - hcl/scanner
  - hcl/strconv
  - hcl/token
  - json/parser
  - json/scanner
  - json/token
- name: github.com/inconshreveable/mousetrap
  version: 76626ae9c91c4f2a10f34cad8ce83ea42c93bb75
- name: github.com/leesper/go_rng
  version: edc201f107a87fc2a2dc965f334c89e50fcd682a
- name: github.com/magiconair/properties
  version: be5ece7dd465ab0765a9682137865547526d1dfb
- name: github.com/mattn/go-runewidth
  version: 14207d285c6c197daabb5c9793d63e7af9ab2d50
- name: github.com/mitchellh/mapstructure
  version: d0303fe809921458f417bcf828397a65db30a7e4
- name: github.com/olekukonko/tablewriter
  version: febf2d34b54a69ce7530036c7503b1c9fbfdf0bb
- name: github.com/pelletier/go-toml
  version: 4692b8f9babfc93db58cc592ba2689d8736781de
- name: github.com/pkg/errors
  version: 645ef00459ed84a119197bfb8d8205042c6df63d
- name: github.com/spf13/afero
  version: 9be650865eab0c12963d8753212f4f9c66cdcf12
  subpackages:
  - mem
- name: github.com/spf13/cast
  version: acbeb36b902d72a7a4c18e8f3241075e7ab763e4
- name: github.com/spf13/cobra
  version: ee4055870c2d5f7ce112642377e32c9929c3bbaf
- name: github.com/spf13/jwalterweatherman
  version: 0efa5202c04663c757d84f90f5219c1250baf94f
- name: github.com/spf13/pflag
  version: 9ff6c6923cfffbcd502984b8e0c80539a94968b7
- name: github.com/spf13/viper
  version: 25b30aa063fc18e48662b86996252eabdcf2f0c7
- name: github.com/xtgo/set
  version: 4431f6b51265b1e0b76af4dafc09d6f12c2bdcd0
- name: golang.org/x/sys
  version: d75a52659825e75fff6158388dddc6a5b04f9ba5
  subpackages:
  - unix
- name: golang.org/x/text
  version: e56139fd9c5bc7244c76116c68e500765bb6db6b
  subpackages:
  - transform
  - unicode/norm
- name: golang.org/x/tools
  version: 1807494da808122833b9bd8e3e5fa179ef237d41
  subpackages:
  - container/intsets
- name: gopkg.in/cheggaaa/pb.v1
  version: cdf719fac0dd208251aa828e687c2d5802053b51
- name: gopkg.in/cheggaaa/pb.v2
  version: 4a1bf7a97d1348c5b50aabf6e1eb0496ca0a3d33
- name: gopkg.in/yaml.v2
  version: eb3733d160e74a9c7e442f435eb3bea458e1d19f
testImports: []
