# This file is autogenerated, do not edit; changes may be undone by the next 'dep ensure'.


[[projects]]
  name = "github.com/awalterschulze/gographviz"
  packages = [".","ast","internal/errors","internal/lexer","internal/parser","internal/token"]
  revision = "c84395e536e1a1199093a4e6253d1bee99e4cd2a"
  version = "v2.0"

[[projects]]
  branch = "master"
  name = "github.com/chewxy/cu"
  packages = ["."]
  revision = "e3e81a3cc0469c1efdd9650c62528d8cead829dd"

[[projects]]
  name = "github.com/chewxy/gorgonia"
  packages = [".","tensor","tensor/internal/execution","tensor/internal/storage"]
  revision = "2d5e8a7ca29c0608b7af7c8fb391f49d8d6b114e"
  version = "v0.7.4"

[[projects]]
  name = "github.com/chewxy/hm"
  packages = ["."]
  revision = "61efb3290a086d1335e8954b3734c102126818ba"
  version = "v1.0.0"

[[projects]]
  branch = "master"
  name = "github.com/chewxy/lingo"
  packages = [".","corpus","treebank"]
  revision = "311daca23597e20aea407445a6c8100bfca4e7f7"

[[projects]]
  name = "github.com/chewxy/math32"
  packages = ["."]
  revision = "d1e7b22839c693f54edf7811dd9487623abf2cd2"
  version = "v1.0.0"

[[projects]]
  branch = "master"
  name = "github.com/chewxy/vecf32"
  packages = ["."]
  revision = "1f59516136c1a7f1c19871d3dc5f0d9928ffbd7c"

[[projects]]
  branch = "master"
  name = "github.com/chewxy/vecf64"
  packages = ["."]
  revision = "a97a4d31b6c9343b1860ef8ce583069671265b81"

[[projects]]
  name = "github.com/fsnotify/fsnotify"
  packages = ["."]
  revision = "629574ca2a5df945712d3079857300b5e4da0236"
  version = "v1.4.2"

[[projects]]
  branch = "master"
  name = "github.com/gonum/blas"
  packages = [".","blas64","native","native/internal/math32"]
  revision = "37e82626499e1df7c54aeaba0959fd6e7e8dc1e4"

[[projects]]
  branch = "master"
  name = "github.com/gonum/floats"
  packages = ["."]
  revision = "f74b330d45c56584a6ea7a27f5c64ea2900631e9"

[[projects]]
  branch = "master"
  name = "github.com/gonum/graph"
  packages = [".","internal/linear","internal/ordered","internal/set","topo","traverse"]
  revision = "1ee3caba44244c8cf869cbec9a0079f8a1f2b1c0"

[[projects]]
  branch = "master"
  name = "github.com/gonum/internal"
  packages = ["asm/f32","asm/f64"]
  revision = "e57e4534cf9b3b00ef6c0175f59d8d2d34f60914"

[[projects]]
  branch = "master"
  name = "github.com/gonum/lapack"
  packages = [".","lapack64","native"]
  revision = "5ed4b826becd1807e09377508f51756586d1a98c"

[[projects]]
  branch = "master"
  name = "github.com/gonum/matrix"
  packages = [".","mat64"]
  revision = "dd6034299e4242c9f0ea36735e6d4264dfcb3f9f"

[[projects]]
  branch = "master"
  name = "github.com/hashicorp/hcl"
  packages = [".","hcl/ast","hcl/parser","hcl/scanner","hcl/strconv","hcl/token","json/parser","json/scanner","json/token"]
  revision = "42e33e2d55a0ff1d6263f738896ea8c13571a8d0"

[[projects]]
  name = "github.com/inconshreveable/mousetrap"
  packages = ["."]
  revision = "76626ae9c91c4f2a10f34cad8ce83ea42c93bb75"
  version = "v1.0"

[[projects]]
  branch = "master"
  name = "github.com/leesper/go_rng"
  packages = ["."]
  revision = "5344a9259b21627d94279721ab1f27eb029194e7"

[[projects]]
  name = "github.com/magiconair/properties"
  packages = ["."]
  revision = "be5ece7dd465ab0765a9682137865547526d1dfb"
  version = "v1.7.3"

[[projects]]
  name = "github.com/mattn/go-runewidth"
  packages = ["."]
  revision = "9e777a8366cce605130a531d2cd6363d07ad7317"
  version = "v0.0.2"

[[projects]]
  branch = "master"
  name = "github.com/mitchellh/mapstructure"
  packages = ["."]
  revision = "d0303fe809921458f417bcf828397a65db30a7e4"

[[projects]]
  branch = "master"
  name = "github.com/olekukonko/tablewriter"
  packages = ["."]
  revision = "a7a4c189eb47ed33ce7b35f2880070a0c82a67d4"

[[projects]]
  name = "github.com/pelletier/go-toml"
  packages = ["."]
  revision = "16398bac157da96aa88f98a2df640c7f32af1da2"
  version = "v1.0.1"

[[projects]]
  name = "github.com/pkg/errors"
  packages = ["."]
  revision = "645ef00459ed84a119197bfb8d8205042c6df63d"
  version = "v0.8.0"

[[projects]]
  branch = "master"
  name = "github.com/spf13/afero"
  packages = [".","mem"]
  revision = "e67d870304c4bca21331b02f414f970df13aa694"

[[projects]]
  name = "github.com/spf13/cast"
  packages = ["."]
  revision = "acbeb36b902d72a7a4c18e8f3241075e7ab763e4"
  version = "v1.1.0"

[[projects]]
  branch = "master"
  name = "github.com/spf13/cobra"
  packages = ["."]
  revision = "7b2c5ac9fc04fc5efafb60700713d4fa609b777b"

[[projects]]
  branch = "master"
  name = "github.com/spf13/jwalterweatherman"
  packages = ["."]
  revision = "12bd96e66386c1960ab0f74ced1362f66f552f7b"

[[projects]]
  name = "github.com/spf13/pflag"
  packages = ["."]
  revision = "e57e3eeb33f795204c1ca35f56c44f83227c6e66"
  version = "v1.0.0"

[[projects]]
  name = "github.com/spf13/viper"
  packages = ["."]
  revision = "25b30aa063fc18e48662b86996252eabdcf2f0c7"
  version = "v1.0.0"

[[projects]]
  branch = "master"
  name = "github.com/xtgo/set"
  packages = ["."]
  revision = "4431f6b51265b1e0b76af4dafc09d6f12c2bdcd0"

[[projects]]
  branch = "master"
  name = "golang.org/x/sys"
  packages = ["unix"]
  revision = "686000749eaec0b8855b8eef5336cf63899fe51d"

[[projects]]
  branch = "master"
  name = "golang.org/x/text"
  packages = ["internal/gen","internal/triegen","internal/ucd","transform","unicode/cldr","unicode/norm"]
  revision = "c01e4764d870b77f8abe5096ee19ad20d80e8075"

[[projects]]
  branch = "master"
  name = "golang.org/x/tools"
  packages = ["container/intsets"]
  revision = "9bd2f442688b66c5289262d70f537c2ecf81d7de"

[[projects]]
  branch = "master"
  name = "gonum.org/v1/gonum"
  packages = ["blas","blas/blas64","blas/gonum","floats","internal/asm/c128","internal/asm/f32","internal/asm/f64","internal/math32","lapack","lapack/gonum","lapack/lapack64","mat"]
  revision = "aff0e10c44138b1247d90efb9117f68ba7c76f0c"

[[projects]]
  name = "gopkg.in/cheggaaa/pb.v1"
  packages = ["."]
  revision = "657164d0228d6bebe316fdf725c69f131a50fb10"
  version = "v1.0.18"

[[projects]]
  branch = "v2"
  name = "gopkg.in/yaml.v2"
  packages = ["."]
  revision = "eb3733d160e74a9c7e442f435eb3bea458e1d19f"

[[projects]]
  branch = "master"
  name = "gorgonia.org/tensor"
  packages = [".","internal/execution","internal/storage"]
  revision = "c6722387810e05ed35630b841faa6854fd16ba97"

[solve-meta]
  analyzer-name = "dep"
  analyzer-version = 1
  inputs-digest = "3be731301381e6af1e80eb94e1c675f304fc65e92e3775e476c918ca3a06328f"
  solver-name = "gps-cdcl"
  solver-version = 1
