# This file is autogenerated, do not edit; changes may be undone by the next 'dep ensure'.


[[projects]]
  digest = "1:1c8ee7543ae60103ae543f79e6044d768e6de6cfaa245c53e45f3681c7f682a0"
  name = "github.com/awalterschulze/gographviz"
  packages = [
    ".",
    "ast",
    "internal/errors",
    "internal/lexer",
    "internal/parser",
    "internal/token",
  ]
  pruneopts = ""
  revision = "c84395e536e1a1199093a4e6253d1bee99e4cd2a"
  version = "v2.0"

[[projects]]
  digest = "1:6469c328b65de06b5e6c69f55d55599d00c67917909dfb705033b9b7c7fd66b9"
  name = "github.com/chewxy/hm"
  packages = ["."]
  pruneopts = ""
  revision = "61efb3290a086d1335e8954b3734c102126818ba"
  version = "v1.0.0"

[[projects]]
  branch = "master"
  digest = "1:3971d043d2f7216722fe46cb9e042f6affe19b663b2ccafff6e06bd2e1d84588"
  name = "github.com/chewxy/lingo"
  packages = [
    ".",
    "corpus",
    "treebank",
  ]
  pruneopts = ""
  revision = "8f8059f5438926f7f50e8c62135b0af85376aeca"

[[projects]]
  digest = "1:44bfa822819c2707ebc72916d24145494c778af59e91a5aa138606776fe6052b"
  name = "github.com/chewxy/math32"
  packages = ["."]
  pruneopts = ""
  revision = "d1e7b22839c693f54edf7811dd9487623abf2cd2"
  version = "v1.0.0"

[[projects]]
  digest = "1:9f1e571696860f2b4f8a241b43ce91c6085e7aaed849ccca53f590a4dc7b95bd"
  name = "github.com/fsnotify/fsnotify"
  packages = ["."]
  pruneopts = ""
  revision = "629574ca2a5df945712d3079857300b5e4da0236"
  version = "v1.4.2"

[[projects]]
  branch = "master"
  digest = "1:147d671753effde6d3bcd58fc74c1d67d740196c84c280c762a5417319499972"
  name = "github.com/hashicorp/hcl"
  packages = [
    ".",
    "hcl/ast",
    "hcl/parser",
    "hcl/scanner",
    "hcl/strconv",
    "hcl/token",
    "json/parser",
    "json/scanner",
    "json/token",
  ]
  pruneopts = ""
  revision = "23c074d0eceb2b8a5bfdbb271ab780cde70f05a8"

[[projects]]
  digest = "1:870d441fe217b8e689d7949fef6e43efbc787e50f200cb1e70dbca9204a1d6be"
  name = "github.com/inconshreveable/mousetrap"
  packages = ["."]
  pruneopts = ""
  revision = "76626ae9c91c4f2a10f34cad8ce83ea42c93bb75"
  version = "v1.0"

[[projects]]
  branch = "master"
  digest = "1:cf63454c1e81409484ded047413228de0f7a3031f0fcd36d4e1db7620c3c7d1b"
  name = "github.com/leesper/go_rng"
  packages = ["."]
  pruneopts = ""
  revision = "5344a9259b21627d94279721ab1f27eb029194e7"

[[projects]]
  digest = "1:739b2038a38cebb50e922d18f4b042c042256320fea2db094814aeef8891e0c1"
  name = "github.com/magiconair/properties"
  packages = ["."]
  pruneopts = ""
  revision = "d419a98cdbed11a922bf76f257b7c4be79b50e73"
  version = "v1.7.4"

[[projects]]
  digest = "1:81e673df85e765593a863f67cba4544cf40e8919590f04d67664940786c2b61a"
  name = "github.com/mattn/go-runewidth"
  packages = ["."]
  pruneopts = ""
  revision = "9e777a8366cce605130a531d2cd6363d07ad7317"
  version = "v0.0.2"

[[projects]]
  branch = "master"
  digest = "1:30a2adc78c422ebd23aac9cfece529954d5eacf9ddbe37345f2a17439f8fa849"
  name = "github.com/mitchellh/mapstructure"
  packages = ["."]
  pruneopts = ""
  revision = "06020f85339e21b2478f756a78e295255ffa4d6a"

[[projects]]
  branch = "master"
  digest = "1:fcb36be3abd0dc761d26591aed850a4b970deea9e095c783788cebf6ccf1267b"
  name = "github.com/olekukonko/tablewriter"
  packages = ["."]
  pruneopts = ""
  revision = "65fec0d89a572b4367094e2058d3ebe667de3b60"

[[projects]]
  digest = "1:9c740db1f7015dffa093aa5c70862d277fe49f5e92b56ca5d0d69ef0e37c01db"
  name = "github.com/pelletier/go-toml"
  packages = ["."]
  pruneopts = ""
  revision = "16398bac157da96aa88f98a2df640c7f32af1da2"
  version = "v1.0.1"

[[projects]]
  digest = "1:4aee2a94909f9d05d53281e22268c629f6eba9ddc179fdbcd6466de5a998e01e"
  name = "github.com/peterh/liner"
  packages = ["."]
  pruneopts = ""
  revision = "5a0dfa99e2aa1d433a9642e863da51402e609376"
  version = "v1.1.0"

[[projects]]
  digest = "1:7365acd48986e205ccb8652cc746f09c8b7876030d53710ea6ef7d0bd0dcd7ca"
  name = "github.com/pkg/errors"
  packages = ["."]
  pruneopts = ""
  revision = "645ef00459ed84a119197bfb8d8205042c6df63d"
  version = "v0.8.0"

[[projects]]
  digest = "1:d1c1e5f4064b332bd90bba7bc2ab403c0afd7b36d34b7875877a45c78d24f5c1"
  name = "github.com/spf13/afero"
  packages = [
    ".",
    "mem",
  ]
  pruneopts = ""
  revision = "8d919cbe7e2627e417f3e45c3c0e489a5b7e2536"
  version = "v1.0.0"

[[projects]]
  digest = "1:6ff9b74bfea2625f805edec59395dc37e4a06458dd3c14e3372337e3d35a2ed6"
  name = "github.com/spf13/cast"
  packages = ["."]
  pruneopts = ""
  revision = "acbeb36b902d72a7a4c18e8f3241075e7ab763e4"
  version = "v1.1.0"

[[projects]]
  digest = "1:2208a80fc3259291e43b30f42f844d18f4218036dff510f42c653ec9890d460a"
  name = "github.com/spf13/cobra"
  packages = ["."]
  pruneopts = ""
  revision = "7b2c5ac9fc04fc5efafb60700713d4fa609b777b"
  version = "v0.0.1"

[[projects]]
  branch = "master"
  digest = "1:5cb42b990db5dc48b8bc23b6ee77b260713ba3244ca495cd1ed89533dc482a49"
  name = "github.com/spf13/jwalterweatherman"
  packages = ["."]
  pruneopts = ""
  revision = "12bd96e66386c1960ab0f74ced1362f66f552f7b"

[[projects]]
  digest = "1:261bc565833ef4f02121450d74eb88d5ae4bd74bfe5d0e862cddb8550ec35000"
  name = "github.com/spf13/pflag"
  packages = ["."]
  pruneopts = ""
  revision = "e57e3eeb33f795204c1ca35f56c44f83227c6e66"
  version = "v1.0.0"

[[projects]]
  digest = "1:59354ad53dfe6ed1b941844cb029cd37c0377598eec3a0d49c03aee2375ef9c4"
  name = "github.com/spf13/viper"
  packages = ["."]
  pruneopts = ""
  revision = "25b30aa063fc18e48662b86996252eabdcf2f0c7"
  version = "v1.0.0"

[[projects]]
  branch = "master"
  digest = "1:f11510bf901cb0a8a23376c2be679083fe34f0b49af7e12fbe9ad5a78531c990"
  name = "github.com/xtgo/set"
  packages = ["."]
  pruneopts = ""
  revision = "4431f6b51265b1e0b76af4dafc09d6f12c2bdcd0"

[[projects]]
  branch = "master"
  digest = "1:134679482ac3fd5ecd60c1412510d52272e29e1085bf2dd2d7e79e2d1d38acc0"
  name = "golang.org/x/sys"
  packages = ["unix"]
  pruneopts = ""
  revision = "83801418e1b59fb1880e363299581ee543af32ca"

[[projects]]
  branch = "master"
  digest = "1:9f9562b058a594dae0c8e2388c1a802664111736845bc08885246f0e4bf99bdd"
  name = "golang.org/x/text"
  packages = [
    "internal/gen",
    "internal/triegen",
    "internal/ucd",
    "transform",
    "unicode/cldr",
    "unicode/norm",
  ]
  pruneopts = ""
  revision = "e19ae1496984b1c655b8044a65c0300a3c878dd3"

[[projects]]
  branch = "master"
  digest = "1:8f50bd9851c444ca9c217adf861f4c79e99061d6a529e57bafd2e8144a170e4a"
  name = "gonum.org/v1/gonum"
  packages = [
    "blas",
    "blas/blas64",
    "blas/gonum",
    "floats",
    "graph",
    "graph/internal/linear",
    "graph/internal/ordered",
    "graph/internal/set",
    "graph/topo",
    "graph/traverse",
    "internal/asm/c128",
    "internal/asm/f32",
    "internal/asm/f64",
    "internal/math32",
    "lapack",
    "lapack/gonum",
    "lapack/lapack64",
    "mat",
  ]
  pruneopts = ""
  revision = "cd47c93d54483f54eed45cc1e2e1264d267f326c"

[[projects]]
  digest = "1:0b6bc675e713ed14b49106a6332b66c693e70c116d02209457564a68b032a075"
  name = "gopkg.in/cheggaaa/pb.v1"
  packages = ["."]
  pruneopts = ""
  revision = "18d384da9bdc1e5a08fc2a62a494c321d9ae74ea"
  version = "v1.0.19"

[[projects]]
  branch = "v2"
  digest = "1:f769ed60e075e4221612c2f4162fccc9d3795ef358fa463425e3b3d7a5debb27"
  name = "gopkg.in/yaml.v2"
  packages = ["."]
  pruneopts = ""
  revision = "287cf08546ab5e7e37d55a84f7ed3fd1db036de5"

[[projects]]
  digest = "1:26d2fe2bb4b4b7bdf1b8ae1b6f76535f69569cc2d2eafacf34b196895161a8a5"
  name = "gorgonia.org/cu"
  packages = ["."]
  pruneopts = ""
  revision = "32f165836e285c14a4f78c455872d069e0cc5a7d"
  version = "v0.8.0"

[[projects]]
  digest = "1:28cb119d50a971910199ad65ca835c96ea142961296181aad4ea8e88c3759e12"
  name = "gorgonia.org/gorgonia"
  packages = ["."]
  pruneopts = ""
  revision = "55787bbd182f3d621f26c0a85e7de2e6a28ba5eb"
  version = "v0.8.0"

[[projects]]
  digest = "1:e9b9b85cc2ea057c57940153daf24f6ffe0831c081cdc04f91b5b545ebe52210"
  name = "gorgonia.org/tensor"
  packages = [
    ".",
    "internal/execution",
    "internal/storage",
  ]
  pruneopts = ""
  revision = "863b76853934d224104ae8cc08f2d27202521242"
  version = "v0.8.0"

[[projects]]
  branch = "master"
  digest = "1:56036c6ea3474d2088a8778156e08aebb909a6b5ea269deabbe9907b84ccbefe"
  name = "gorgonia.org/vecf32"
  packages = ["."]
  pruneopts = ""
  revision = "9c61466a81d94e61358d0a8cf77e5d76ff5de655"

[[projects]]
  branch = "master"
  digest = "1:ed3279740b1f34e3de46b1073723aab5417557e8a993bfab58736cb9852a49c3"
  name = "gorgonia.org/vecf64"
  packages = ["."]
  pruneopts = ""
  revision = "92cacded62a76710546770b2b86b1ca82ff76614"

[solve-meta]
  analyzer-name = "dep"
  analyzer-version = 1
  input-imports = [
    "github.com/chewxy/lingo/corpus",
    "github.com/olekukonko/tablewriter",
    "github.com/peterh/liner",
    "github.com/pkg/errors",
    "github.com/spf13/cobra",
    "github.com/spf13/pflag",
    "github.com/spf13/viper",
    "gopkg.in/cheggaaa/pb.v1",
  ]
  solver-name = "gps-cdcl"
  solver-version = 1
